// !$*UTF8*$!
{
	archiveVersion = 1;
	classes = {
	};
	objectVersion = 50;
	objects = {

/* Begin PBXBuildFile section */
		7C0E01C120F156E900FF9608 /* SWRevealViewController.m in Sources */ = {isa = PBXBuildFile; fileRef = 7C0E01BF20F156E900FF9608 /* SWRevealViewController.m */; };
		7C1A55A320F15FC0000385E5 /* ChatVC.swift in Sources */ = {isa = PBXBuildFile; fileRef = 7C1A55A220F15FC0000385E5 /* ChatVC.swift */; };
		7C1A55A520F16000000385E5 /* ChannelVC.swift in Sources */ = {isa = PBXBuildFile; fileRef = 7C1A55A420F16000000385E5 /* ChannelVC.swift */; };
		7C32B6E620F14991000898EF /* AppDelegate.swift in Sources */ = {isa = PBXBuildFile; fileRef = 7C32B6E520F14991000898EF /* AppDelegate.swift */; };
		7C32B6EB20F14991000898EF /* Main.storyboard in Resources */ = {isa = PBXBuildFile; fileRef = 7C32B6E920F14991000898EF /* Main.storyboard */; };
		7C32B6ED20F14992000898EF /* Assets.xcassets in Resources */ = {isa = PBXBuildFile; fileRef = 7C32B6EC20F14992000898EF /* Assets.xcassets */; };
		7C32B6F020F14992000898EF /* LaunchScreen.storyboard in Resources */ = {isa = PBXBuildFile; fileRef = 7C32B6EE20F14992000898EF /* LaunchScreen.storyboard */; };
		7C44FCFE20FA7E9800082392 /* RoundedButton.swift in Sources */ = {isa = PBXBuildFile; fileRef = 7C44FCFD20FA7E9800082392 /* RoundedButton.swift */; };
		7C5C0BFA20F28FB200FE6F1C /* GradientView.swift in Sources */ = {isa = PBXBuildFile; fileRef = 7C5C0BF920F28FB200FE6F1C /* GradientView.swift */; };
		7C5C0BFD20F2A11300FE6F1C /* Constants.swift in Sources */ = {isa = PBXBuildFile; fileRef = 7C5C0BFC20F2A11300FE6F1C /* Constants.swift */; };
		7C5C0BFF20F2AD7000FE6F1C /* LoginVC.swift in Sources */ = {isa = PBXBuildFile; fileRef = 7C5C0BFE20F2AD7000FE6F1C /* LoginVC.swift */; };
		7C75B8EE20F93A19000FDF08 /* AuthService.swift in Sources */ = {isa = PBXBuildFile; fileRef = 7C75B8ED20F93A19000FDF08 /* AuthService.swift */; };
		7CC74CE420F2FB8800B423FF /* RegisterVC.swift in Sources */ = {isa = PBXBuildFile; fileRef = 7CC74CE320F2FB8800B423FF /* RegisterVC.swift */; };
		C6C12A50734077BF60EB13FF /* Pods_Smack.framework in Frameworks */ = {isa = PBXBuildFile; fileRef = D3B58081C4850655AA63BBBA /* Pods_Smack.framework */; };
/* End PBXBuildFile section */

/* Begin PBXFileReference section */
		25C0646E980662FEBD3DB48A /* Pods-Smack.debug.xcconfig */ = {isa = PBXFileReference; includeInIndex = 1; lastKnownFileType = text.xcconfig; name = "Pods-Smack.debug.xcconfig"; path = "Pods/Target Support Files/Pods-Smack/Pods-Smack.debug.xcconfig"; sourceTree = "<group>"; };
		7C0E01BE20F156E800FF9608 /* Smack-Bridging-Header.h */ = {isa = PBXFileReference; lastKnownFileType = sourcecode.c.h; path = "Smack-Bridging-Header.h"; sourceTree = "<group>"; };
		7C0E01BF20F156E900FF9608 /* SWRevealViewController.m */ = {isa = PBXFileReference; fileEncoding = 4; lastKnownFileType = sourcecode.c.objc; path = SWRevealViewController.m; sourceTree = "<group>"; };
		7C0E01C020F156E900FF9608 /* SWRevealViewController.h */ = {isa = PBXFileReference; fileEncoding = 4; lastKnownFileType = sourcecode.c.h; path = SWRevealViewController.h; sourceTree = "<group>"; };
		7C1A55A220F15FC0000385E5 /* ChatVC.swift */ = {isa = PBXFileReference; lastKnownFileType = sourcecode.swift; path = ChatVC.swift; sourceTree = "<group>"; };
		7C1A55A420F16000000385E5 /* ChannelVC.swift */ = {isa = PBXFileReference; lastKnownFileType = sourcecode.swift; path = ChannelVC.swift; sourceTree = "<group>"; };
		7C32B6E220F14991000898EF /* Smack.app */ = {isa = PBXFileReference; explicitFileType = wrapper.application; includeInIndex = 0; path = Smack.app; sourceTree = BUILT_PRODUCTS_DIR; };
		7C32B6E520F14991000898EF /* AppDelegate.swift */ = {isa = PBXFileReference; lastKnownFileType = sourcecode.swift; path = AppDelegate.swift; sourceTree = "<group>"; };
		7C32B6EA20F14991000898EF /* Base */ = {isa = PBXFileReference; lastKnownFileType = file.storyboard; name = Base; path = Base.lproj/Main.storyboard; sourceTree = "<group>"; };
		7C32B6EC20F14992000898EF /* Assets.xcassets */ = {isa = PBXFileReference; lastKnownFileType = folder.assetcatalog; path = Assets.xcassets; sourceTree = "<group>"; };
		7C32B6EF20F14992000898EF /* Base */ = {isa = PBXFileReference; lastKnownFileType = file.storyboard; name = Base; path = Base.lproj/LaunchScreen.storyboard; sourceTree = "<group>"; };
		7C32B6F120F14992000898EF /* Info.plist */ = {isa = PBXFileReference; lastKnownFileType = text.plist.xml; path = Info.plist; sourceTree = "<group>"; };
		7C44FCFD20FA7E9800082392 /* RoundedButton.swift */ = {isa = PBXFileReference; lastKnownFileType = sourcecode.swift; path = RoundedButton.swift; sourceTree = "<group>"; };
		7C5C0BF920F28FB200FE6F1C /* GradientView.swift */ = {isa = PBXFileReference; lastKnownFileType = sourcecode.swift; path = GradientView.swift; sourceTree = "<group>"; };
		7C5C0BFC20F2A11300FE6F1C /* Constants.swift */ = {isa = PBXFileReference; lastKnownFileType = sourcecode.swift; path = Constants.swift; sourceTree = "<group>"; };
		7C5C0BFE20F2AD7000FE6F1C /* LoginVC.swift */ = {isa = PBXFileReference; lastKnownFileType = sourcecode.swift; path = LoginVC.swift; sourceTree = "<group>"; };
		7C75B8ED20F93A19000FDF08 /* AuthService.swift */ = {isa = PBXFileReference; lastKnownFileType = sourcecode.swift; path = AuthService.swift; sourceTree = "<group>"; };
		7CC74CE320F2FB8800B423FF /* RegisterVC.swift */ = {isa = PBXFileReference; lastKnownFileType = sourcecode.swift; path = RegisterVC.swift; sourceTree = "<group>"; };
		9E23ACF7D0B6792DED594767 /* Pods-Smack.release.xcconfig */ = {isa = PBXFileReference; includeInIndex = 1; lastKnownFileType = text.xcconfig; name = "Pods-Smack.release.xcconfig"; path = "Pods/Target Support Files/Pods-Smack/Pods-Smack.release.xcconfig"; sourceTree = "<group>"; };
		D3B58081C4850655AA63BBBA /* Pods_Smack.framework */ = {isa = PBXFileReference; explicitFileType = wrapper.framework; includeInIndex = 0; path = Pods_Smack.framework; sourceTree = BUILT_PRODUCTS_DIR; };
/* End PBXFileReference section */

/* Begin PBXFrameworksBuildPhase section */
		7C32B6DF20F14991000898EF /* Frameworks */ = {
			isa = PBXFrameworksBuildPhase;
			buildActionMask = 2147483647;
			files = (
				C6C12A50734077BF60EB13FF /* Pods_Smack.framework in Frameworks */,
			);
			runOnlyForDeploymentPostprocessing = 0;
		};
/* End PBXFrameworksBuildPhase section */

/* Begin PBXGroup section */
		568921350BA124A3260479EF /* Frameworks */ = {
			isa = PBXGroup;
			children = (
				D3B58081C4850655AA63BBBA /* Pods_Smack.framework */,
			);
			name = Frameworks;
			sourceTree = "<group>";
		};
		7C0E01BD20F156B500FF9608 /* SupportingFiles */ = {
			isa = PBXGroup;
			children = (
				7C0E01C020F156E900FF9608 /* SWRevealViewController.h */,
				7C0E01BF20F156E900FF9608 /* SWRevealViewController.m */,
				7C0E01BE20F156E800FF9608 /* Smack-Bridging-Header.h */,
			);
			path = SupportingFiles;
			sourceTree = "<group>";
		};
		7C1A559F20F15F20000385E5 /* Controller */ = {
			isa = PBXGroup;
			children = (
				7C1A55A220F15FC0000385E5 /* ChatVC.swift */,
				7C1A55A420F16000000385E5 /* ChannelVC.swift */,
				7C5C0BFE20F2AD7000FE6F1C /* LoginVC.swift */,
				7CC74CE320F2FB8800B423FF /* RegisterVC.swift */,
			);
			path = Controller;
			sourceTree = "<group>";
		};
		7C1A55A020F15F2A000385E5 /* View */ = {
			isa = PBXGroup;
			children = (
				7C5C0BF920F28FB200FE6F1C /* GradientView.swift */,
				7C44FCFD20FA7E9800082392 /* RoundedButton.swift */,
			);
			path = View;
			sourceTree = "<group>";
		};
		7C1A55A120F15F3C000385E5 /* Model */ = {
			isa = PBXGroup;
			children = (
			);
			path = Model;
			sourceTree = "<group>";
		};
		7C32B6D920F14991000898EF = {
			isa = PBXGroup;
			children = (
				7C32B6E420F14991000898EF /* Smack */,
				7C32B6E320F14991000898EF /* Products */,
				F7122497BA23A1535E4FB25E /* Pods */,
				568921350BA124A3260479EF /* Frameworks */,
			);
			sourceTree = "<group>";
		};
		7C32B6E320F14991000898EF /* Products */ = {
			isa = PBXGroup;
			children = (
				7C32B6E220F14991000898EF /* Smack.app */,
			);
			name = Products;
			sourceTree = "<group>";
		};
		7C32B6E420F14991000898EF /* Smack */ = {
			isa = PBXGroup;
			children = (
				7C75B8EC20F939FE000FDF08 /* Services */,
				7C5C0BFB20F2A0E200FE6F1C /* Utilities */,
				7C1A55A120F15F3C000385E5 /* Model */,
				7C1A55A020F15F2A000385E5 /* View */,
				7C1A559F20F15F20000385E5 /* Controller */,
				7C0E01BD20F156B500FF9608 /* SupportingFiles */,
				7C32B6E520F14991000898EF /* AppDelegate.swift */,
				7C32B6E920F14991000898EF /* Main.storyboard */,
				7C32B6EC20F14992000898EF /* Assets.xcassets */,
				7C32B6EE20F14992000898EF /* LaunchScreen.storyboard */,
				7C32B6F120F14992000898EF /* Info.plist */,
			);
			path = Smack;
			sourceTree = "<group>";
		};
		7C5C0BFB20F2A0E200FE6F1C /* Utilities */ = {
			isa = PBXGroup;
			children = (
				7C5C0BFC20F2A11300FE6F1C /* Constants.swift */,
			);
			path = Utilities;
			sourceTree = "<group>";
		};
		7C75B8EC20F939FE000FDF08 /* Services */ = {
			isa = PBXGroup;
			children = (
				7C75B8ED20F93A19000FDF08 /* AuthService.swift */,
			);
			path = Services;
			sourceTree = "<group>";
		};
		F7122497BA23A1535E4FB25E /* Pods */ = {
			isa = PBXGroup;
			children = (
				25C0646E980662FEBD3DB48A /* Pods-Smack.debug.xcconfig */,
				9E23ACF7D0B6792DED594767 /* Pods-Smack.release.xcconfig */,
			);
			name = Pods;
			sourceTree = "<group>";
		};
/* End PBXGroup section */

/* Begin PBXNativeTarget section */
		7C32B6E120F14991000898EF /* Smack */ = {
			isa = PBXNativeTarget;
			buildConfigurationList = 7C32B6F420F14992000898EF /* Build configuration list for PBXNativeTarget "Smack" */;
			buildPhases = (
				DD37743FCAFB4918102A6638 /* [CP] Check Pods Manifest.lock */,
				7C32B6DE20F14991000898EF /* Sources */,
				7C32B6DF20F14991000898EF /* Frameworks */,
				7C32B6E020F14991000898EF /* Resources */,
				356ACA8D352CE13EE33EE2C9 /* [CP] Embed Pods Frameworks */,
			);
			buildRules = (
			);
			dependencies = (
			);
			name = Smack;
			productName = Smack;
			productReference = 7C32B6E220F14991000898EF /* Smack.app */;
			productType = "com.apple.product-type.application";
		};
/* End PBXNativeTarget section */

/* Begin PBXProject section */
		7C32B6DA20F14991000898EF /* Project object */ = {
			isa = PBXProject;
			attributes = {
				LastSwiftUpdateCheck = 1000;
				LastUpgradeCheck = 1000;
				ORGANIZATIONNAME = "Patrick Quilty";
				TargetAttributes = {
					7C32B6E120F14991000898EF = {
						CreatedOnToolsVersion = 10.0;
						LastSwiftMigration = 1000;
					};
				};
			};
			buildConfigurationList = 7C32B6DD20F14991000898EF /* Build configuration list for PBXProject "Smack" */;
			compatibilityVersion = "Xcode 9.3";
			developmentRegion = en;
			hasScannedForEncodings = 0;
			knownRegions = (
				en,
				Base,
			);
			mainGroup = 7C32B6D920F14991000898EF;
			productRefGroup = 7C32B6E320F14991000898EF /* Products */;
			projectDirPath = "";
			projectRoot = "";
			targets = (
				7C32B6E120F14991000898EF /* Smack */,
			);
		};
/* End PBXProject section */

/* Begin PBXResourcesBuildPhase section */
		7C32B6E020F14991000898EF /* Resources */ = {
			isa = PBXResourcesBuildPhase;
			buildActionMask = 2147483647;
			files = (
				7C32B6F020F14992000898EF /* LaunchScreen.storyboard in Resources */,
				7C32B6ED20F14992000898EF /* Assets.xcassets in Resources */,
				7C32B6EB20F14991000898EF /* Main.storyboard in Resources */,
			);
			runOnlyForDeploymentPostprocessing = 0;
		};
/* End PBXResourcesBuildPhase section */

/* Begin PBXShellScriptBuildPhase section */
		356ACA8D352CE13EE33EE2C9 /* [CP] Embed Pods Frameworks */ = {
			isa = PBXShellScriptBuildPhase;
			buildActionMask = 2147483647;
			files = (
			);
			inputPaths = (
				"${SRCROOT}/Pods/Target Support Files/Pods-Smack/Pods-Smack-frameworks.sh",
				"${BUILT_PRODUCTS_DIR}/Alamofire/Alamofire.framework",
				"${BUILT_PRODUCTS_DIR}/Socket.IO-Client-Swift/SocketIO.framework",
				"${BUILT_PRODUCTS_DIR}/StarscreamSocketIO/StarscreamSocketIO.framework",
				"${BUILT_PRODUCTS_DIR}/SwiftyJSON/SwiftyJSON.framework",
			);
			name = "[CP] Embed Pods Frameworks";
			outputPaths = (
				"${TARGET_BUILD_DIR}/${FRAMEWORKS_FOLDER_PATH}/Alamofire.framework",
				"${TARGET_BUILD_DIR}/${FRAMEWORKS_FOLDER_PATH}/SocketIO.framework",
				"${TARGET_BUILD_DIR}/${FRAMEWORKS_FOLDER_PATH}/StarscreamSocketIO.framework",
				"${TARGET_BUILD_DIR}/${FRAMEWORKS_FOLDER_PATH}/SwiftyJSON.framework",
			);
			runOnlyForDeploymentPostprocessing = 0;
			shellPath = /bin/sh;
			shellScript = "\"${SRCROOT}/Pods/Target Support Files/Pods-Smack/Pods-Smack-frameworks.sh\"\n";
			showEnvVarsInLog = 0;
		};
		DD37743FCAFB4918102A6638 /* [CP] Check Pods Manifest.lock */ = {
			isa = PBXShellScriptBuildPhase;
			buildActionMask = 2147483647;
			files = (
			);
			inputPaths = (
				"${PODS_PODFILE_DIR_PATH}/Podfile.lock",
				"${PODS_ROOT}/Manifest.lock",
			);
			name = "[CP] Check Pods Manifest.lock";
			outputPaths = (
				"$(DERIVED_FILE_DIR)/Pods-Smack-checkManifestLockResult.txt",
			);
			runOnlyForDeploymentPostprocessing = 0;
			shellPath = /bin/sh;
			shellScript = "diff \"${PODS_PODFILE_DIR_PATH}/Podfile.lock\" \"${PODS_ROOT}/Manifest.lock\" > /dev/null\nif [ $? != 0 ] ; then\n    # print error to STDERR\n    echo \"error: The sandbox is not in sync with the Podfile.lock. Run 'pod install' or update your CocoaPods installation.\" >&2\n    exit 1\nfi\n# This output is used by Xcode 'outputs' to avoid re-running this script phase.\necho \"SUCCESS\" > \"${SCRIPT_OUTPUT_FILE_0}\"\n";
			showEnvVarsInLog = 0;
		};
/* End PBXShellScriptBuildPhase section */

/* Begin PBXSourcesBuildPhase section */
		7C32B6DE20F14991000898EF /* Sources */ = {
			isa = PBXSourcesBuildPhase;
			buildActionMask = 2147483647;
			files = (
				7C1A55A520F16000000385E5 /* ChannelVC.swift in Sources */,
				7C44FCFE20FA7E9800082392 /* RoundedButton.swift in Sources */,
				7CC74CE420F2FB8800B423FF /* RegisterVC.swift in Sources */,
				7C1A55A320F15FC0000385E5 /* ChatVC.swift in Sources */,
				7C75B8EE20F93A19000FDF08 /* AuthService.swift in Sources */,
				7C5C0BFF20F2AD7000FE6F1C /* LoginVC.swift in Sources */,
				7C5C0BFA20F28FB200FE6F1C /* GradientView.swift in Sources */,
				7C32B6E620F14991000898EF /* AppDelegate.swift in Sources */,
				7C0E01C120F156E900FF9608 /* SWRevealViewController.m in Sources */,
				7C5C0BFD20F2A11300FE6F1C /* Constants.swift in Sources */,
			);
			runOnlyForDeploymentPostprocessing = 0;
		};
/* End PBXSourcesBuildPhase section */

/* Begin PBXVariantGroup section */
		7C32B6E920F14991000898EF /* Main.storyboard */ = {
			isa = PBXVariantGroup;
			children = (
				7C32B6EA20F14991000898EF /* Base */,
			);
			name = Main.storyboard;
			sourceTree = "<group>";
		};
		7C32B6EE20F14992000898EF /* LaunchScreen.storyboard */ = {
			isa = PBXVariantGroup;
			children = (
				7C32B6EF20F14992000898EF /* Base */,
			);
			name = LaunchScreen.storyboard;
			sourceTree = "<group>";
		};
/* End PBXVariantGroup section */

/* Begin XCBuildConfiguration section */
		7C32B6F220F14992000898EF /* Debug */ = {
			isa = XCBuildConfiguration;
			buildSettings = {
				ALWAYS_SEARCH_USER_PATHS = NO;
				CLANG_ANALYZER_NONNULL = YES;
				CLANG_ANALYZER_NUMBER_OBJECT_CONVERSION = YES_AGGRESSIVE;
				CLANG_CXX_LANGUAGE_STANDARD = "gnu++14";
				CLANG_CXX_LIBRARY = "libc++";
				CLANG_ENABLE_MODULES = YES;
				CLANG_ENABLE_OBJC_ARC = YES;
				CLANG_ENABLE_OBJC_WEAK = YES;
				CLANG_WARN_BLOCK_CAPTURE_AUTORELEASING = YES;
				CLANG_WARN_BOOL_CONVERSION = YES;
				CLANG_WARN_COMMA = YES;
				CLANG_WARN_CONSTANT_CONVERSION = YES;
				CLANG_WARN_DEPRECATED_OBJC_IMPLEMENTATIONS = YES;
				CLANG_WARN_DIRECT_OBJC_ISA_USAGE = YES_ERROR;
				CLANG_WARN_DOCUMENTATION_COMMENTS = YES;
				CLANG_WARN_EMPTY_BODY = YES;
				CLANG_WARN_ENUM_CONVERSION = YES;
				CLANG_WARN_INFINITE_RECURSION = YES;
				CLANG_WARN_INT_CONVERSION = YES;
				CLANG_WARN_NON_LITERAL_NULL_CONVERSION = YES;
				CLANG_WARN_OBJC_IMPLICIT_RETAIN_SELF = YES;
				CLANG_WARN_OBJC_LITERAL_CONVERSION = YES;
				CLANG_WARN_OBJC_ROOT_CLASS = YES_ERROR;
				CLANG_WARN_RANGE_LOOP_ANALYSIS = YES;
				CLANG_WARN_STRICT_PROTOTYPES = YES;
				CLANG_WARN_SUSPICIOUS_MOVE = YES;
				CLANG_WARN_UNGUARDED_AVAILABILITY = YES_AGGRESSIVE;
				CLANG_WARN_UNREACHABLE_CODE = YES;
				CLANG_WARN__DUPLICATE_METHOD_MATCH = YES;
				CODE_SIGN_IDENTITY = "iPhone Developer";
				COPY_PHASE_STRIP = NO;
				DEBUG_INFORMATION_FORMAT = dwarf;
				ENABLE_STRICT_OBJC_MSGSEND = YES;
				ENABLE_TESTABILITY = YES;
				GCC_C_LANGUAGE_STANDARD = gnu11;
				GCC_DYNAMIC_NO_PIC = NO;
				GCC_NO_COMMON_BLOCKS = YES;
				GCC_OPTIMIZATION_LEVEL = 0;
				GCC_PREPROCESSOR_DEFINITIONS = (
					"DEBUG=1",
					"$(inherited)",
				);
				GCC_WARN_64_TO_32_BIT_CONVERSION = YES;
				GCC_WARN_ABOUT_RETURN_TYPE = YES_ERROR;
				GCC_WARN_UNDECLARED_SELECTOR = YES;
				GCC_WARN_UNINITIALIZED_AUTOS = YES_AGGRESSIVE;
				GCC_WARN_UNUSED_FUNCTION = YES;
				GCC_WARN_UNUSED_VARIABLE = YES;
				IPHONEOS_DEPLOYMENT_TARGET = 12.0;
				MTL_ENABLE_DEBUG_INFO = INCLUDE_SOURCE;
				ONLY_ACTIVE_ARCH = YES;
				SDKROOT = iphoneos;
				SWIFT_ACTIVE_COMPILATION_CONDITIONS = DEBUG;
				SWIFT_OPTIMIZATION_LEVEL = "-Onone";
			};
			name = Debug;
		};
		7C32B6F320F14992000898EF /* Release */ = {
			isa = XCBuildConfiguration;
			buildSettings = {
				ALWAYS_SEARCH_USER_PATHS = NO;
				CLANG_ANALYZER_NONNULL = YES;
				CLANG_ANALYZER_NUMBER_OBJECT_CONVERSION = YES_AGGRESSIVE;
				CLANG_CXX_LANGUAGE_STANDARD = "gnu++14";
				CLANG_CXX_LIBRARY = "libc++";
				CLANG_ENABLE_MODULES = YES;
				CLANG_ENABLE_OBJC_ARC = YES;
				CLANG_ENABLE_OBJC_WEAK = YES;
				CLANG_WARN_BLOCK_CAPTURE_AUTORELEASING = YES;
				CLANG_WARN_BOOL_CONVERSION = YES;
				CLANG_WARN_COMMA = YES;
				CLANG_WARN_CONSTANT_CONVERSION = YES;
				CLANG_WARN_DEPRECATED_OBJC_IMPLEMENTATIONS = YES;
				CLANG_WARN_DIRECT_OBJC_ISA_USAGE = YES_ERROR;
				CLANG_WARN_DOCUMENTATION_COMMENTS = YES;
				CLANG_WARN_EMPTY_BODY = YES;
				CLANG_WARN_ENUM_CONVERSION = YES;
				CLANG_WARN_INFINITE_RECURSION = YES;
				CLANG_WARN_INT_CONVERSION = YES;
				CLANG_WARN_NON_LITERAL_NULL_CONVERSION = YES;
				CLANG_WARN_OBJC_IMPLICIT_RETAIN_SELF = YES;
				CLANG_WARN_OBJC_LITERAL_CONVERSION = YES;
				CLANG_WARN_OBJC_ROOT_CLASS = YES_ERROR;
				CLANG_WARN_RANGE_LOOP_ANALYSIS = YES;
				CLANG_WARN_STRICT_PROTOTYPES = YES;
				CLANG_WARN_SUSPICIOUS_MOVE = YES;
				CLANG_WARN_UNGUARDED_AVAILABILITY = YES_AGGRESSIVE;
				CLANG_WARN_UNREACHABLE_CODE = YES;
				CLANG_WARN__DUPLICATE_METHOD_MATCH = YES;
				CODE_SIGN_IDENTITY = "iPhone Developer";
				COPY_PHASE_STRIP = NO;
				DEBUG_INFORMATION_FORMAT = "dwarf-with-dsym";
				ENABLE_NS_ASSERTIONS = NO;
				ENABLE_STRICT_OBJC_MSGSEND = YES;
				GCC_C_LANGUAGE_STANDARD = gnu11;
				GCC_NO_COMMON_BLOCKS = YES;
				GCC_WARN_64_TO_32_BIT_CONVERSION = YES;
				GCC_WARN_ABOUT_RETURN_TYPE = YES_ERROR;
				GCC_WARN_UNDECLARED_SELECTOR = YES;
				GCC_WARN_UNINITIALIZED_AUTOS = YES_AGGRESSIVE;
				GCC_WARN_UNUSED_FUNCTION = YES;
				GCC_WARN_UNUSED_VARIABLE = YES;
				IPHONEOS_DEPLOYMENT_TARGET = 12.0;
				MTL_ENABLE_DEBUG_INFO = NO;
				SDKROOT = iphoneos;
				SWIFT_COMPILATION_MODE = wholemodule;
				SWIFT_OPTIMIZATION_LEVEL = "-O";
				VALIDATE_PRODUCT = YES;
			};
			name = Release;
		};
		7C32B6F520F14992000898EF /* Debug */ = {
			isa = XCBuildConfiguration;
			baseConfigurationReference = 25C0646E980662FEBD3DB48A /* Pods-Smack.debug.xcconfig */;
			buildSettings = {
				ASSETCATALOG_COMPILER_APPICON_NAME = AppIcon;
				CLANG_ENABLE_MODULES = YES;
				CODE_SIGN_STYLE = Automatic;
				DEVELOPMENT_TEAM = HLJPPMC6NY;
				INFOPLIST_FILE = Smack/Info.plist;
				LD_RUNPATH_SEARCH_PATHS = (
					"$(inherited)",
					"@executable_path/Frameworks",
				);
				PRODUCT_BUNDLE_IDENTIFIER = com.Quilty.Smack;
				PRODUCT_NAME = "$(TARGET_NAME)";
				SWIFT_OBJC_BRIDGING_HEADER = "Smack/SupportingFiles/Smack-Bridging-Header.h";
				SWIFT_OPTIMIZATION_LEVEL = "-Onone";
				SWIFT_VERSION = 4.2;
				TARGETED_DEVICE_FAMILY = "1,2";
			};
			name = Debug;
		};
		7C32B6F620F14992000898EF /* Release */ = {
			isa = XCBuildConfiguration;
			baseConfigurationReference = 9E23ACF7D0B6792DED594767 /* Pods-Smack.release.xcconfig */;
			buildSettings = {
				ASSETCATALOG_COMPILER_APPICON_NAME = AppIcon;
				CLANG_ENABLE_MODULES = YES;
				CODE_SIGN_STYLE = Automatic;
				DEVELOPMENT_TEAM = HLJPPMC6NY;
				INFOPLIST_FILE = Smack/Info.plist;
				LD_RUNPATH_SEARCH_PATHS = (
					"$(inherited)",
					"@executable_path/Frameworks",
				);
				PRODUCT_BUNDLE_IDENTIFIER = com.Quilty.Smack;
				PRODUCT_NAME = "$(TARGET_NAME)";
				SWIFT_OBJC_BRIDGING_HEADER = "Smack/SupportingFiles/Smack-Bridging-Header.h";
				SWIFT_VERSION = 4.2;
				TARGETED_DEVICE_FAMILY = "1,2";
			};
			name = Release;
		};
/* End XCBuildConfiguration section */

/* Begin XCConfigurationList section */
		7C32B6DD20F14991000898EF /* Build configuration list for PBXProject "Smack" */ = {
			isa = XCConfigurationList;
			buildConfigurations = (
				7C32B6F220F14992000898EF /* Debug */,
				7C32B6F320F14992000898EF /* Release */,
			);
			defaultConfigurationIsVisible = 0;
			defaultConfigurationName = Release;
		};
		7C32B6F420F14992000898EF /* Build configuration list for PBXNativeTarget "Smack" */ = {
			isa = XCConfigurationList;
			buildConfigurations = (
				7C32B6F520F14992000898EF /* Debug */,
				7C32B6F620F14992000898EF /* Release */,
			);
			defaultConfigurationIsVisible = 0;
			defaultConfigurationName = Release;
		};
/* End XCConfigurationList section */
	};
	rootObject = 7C32B6DA20F14991000898EF /* Project object */;
}
